
Microsoft Visual Studio Solution File, Format Version 11.00
# Visual Studio 2010
Project("{8BC9CEB8-8B4A-11D0-8D11-00A0C91BC942}") = "Othello", "Othello\Othello.vcxproj", "{11FEDB44-E201-49C6-8BFE-82530E955D61}"
EndProject
Global
	GlobalSection(SolutionConfigurationPlatforms) = preSolution
		Debug|Win32 = Debug|Win32
		Release|Win32 = Release|Win32
	EndGlobalSection
	GlobalSection(ProjectConfigurationPlatforms) = postSolution
		{11FEDB44-E201-49C6-8BFE-82530E955D61}.Debug|Win32.ActiveCfg = Debug|Win32
		{11FEDB44-E201-49C6-8BFE-82530E955D61}.Debug|Win32.Build.0 = Debug|Win32
		{11FEDB44-E201-49C6-8BFE-82530E955D61}.Release|Win32.ActiveCfg = Release|Win32
		{11FEDB44-E201-49C6-8BFE-82530E955D61}.Release|Win32.Build.0 = Release|Win32
	EndGlobalSection
	GlobalSection(SolutionProperties) = preSolution
		HideSolutionNode = FALSE
	EndGlobalSection
EndGlobal
